
Microsoft Visual Studio Solution File, Format Version 12.00
# Visual Studio 15
VisualStudioVersion = 15.0.28307.168
MinimumVisualStudioVersion = 10.0.40219.1
Project("{FAE04EC0-301F-11D3-BF4B-00C04F79EFBC}") = "TennisMatch", "TennisMatch\TennisMatch.csproj", "{7AEFD8F0-1961-47C5-A548-B3156569B389}"
EndProject
Project("{FAE04EC0-301F-11D3-BF4B-00C04F79EFBC}") = "TennisMatch.Tests", "TennisMatch.Tests\TennisMatch.Tests.csproj", "{6B6B52A4-D93A-4257-8E4C-F38ED9834D78}"
EndProject
Global
	GlobalSection(SolutionConfigurationPlatforms) = preSolution
		Debug|Any CPU = Debug|Any CPU
		Release|Any CPU = Release|Any CPU
	EndGlobalSection
	GlobalSection(ProjectConfigurationPlatforms) = postSolution
		{7AEFD8F0-1961-47C5-A548-B3156569B389}.Debug|Any CPU.ActiveCfg = Debug|Any CPU
		{7AEFD8F0-1961-47C5-A548-B3156569B389}.Debug|Any CPU.Build.0 = Debug|Any CPU
		{7AEFD8F0-1961-47C5-A548-B3156569B389}.Release|Any CPU.ActiveCfg = Release|Any CPU
		{7AEFD8F0-1961-47C5-A548-B3156569B389}.Release|Any CPU.Build.0 = Release|Any CPU
		{6B6B52A4-D93A-4257-8E4C-F38ED9834D78}.Debug|Any CPU.ActiveCfg = Debug|Any CPU
		{6B6B52A4-D93A-4257-8E4C-F38ED9834D78}.Debug|Any CPU.Build.0 = Debug|Any CPU
		{6B6B52A4-D93A-4257-8E4C-F38ED9834D78}.Release|Any CPU.ActiveCfg = Release|Any CPU
		{6B6B52A4-D93A-4257-8E4C-F38ED9834D78}.Release|Any CPU.Build.0 = Release|Any CPU
	EndGlobalSection
	GlobalSection(SolutionProperties) = preSolution
		HideSolutionNode = FALSE
	EndGlobalSection
	GlobalSection(ExtensibilityGlobals) = postSolution
		SolutionGuid = {7C33A7B6-2809-4BE0-956A-2381A2D1EC06}
	EndGlobalSection
EndGlobal
